
Microsoft Visual Studio Solution File, Format Version 12.00
# Visual Studio Version 16
VisualStudioVersion = 16.0.29519.181
MinimumVisualStudioVersion = 10.0.40219.1
Project("{9A19103F-16F7-4668-BE54-9A1E7A4F7556}") = "BigBubble", "BigBubble.csproj", "{88504A6F-19C1-42BE-8F10-EF94AB8DDBA9}"
EndProject
Global
	GlobalSection(SolutionConfigurationPlatforms) = preSolution
		Debug|Any CPU = Debug|Any CPU
		Release|Any CPU = Release|Any CPU
	EndGlobalSection
	GlobalSection(ProjectConfigurationPlatforms) = postSolution
		{88504A6F-19C1-42BE-8F10-EF94AB8DDBA9}.Debug|Any CPU.ActiveCfg = Debug|Any CPU
		{88504A6F-19C1-42BE-8F10-EF94AB8DDBA9}.Debug|Any CPU.Build.0 = Debug|Any CPU
		{88504A6F-19C1-42BE-8F10-EF94AB8DDBA9}.Release|Any CPU.ActiveCfg = Release|Any CPU
		{88504A6F-19C1-42BE-8F10-EF94AB8DDBA9}.Release|Any CPU.Build.0 = Release|Any CPU
	EndGlobalSection
	GlobalSection(SolutionProperties) = preSolution
		HideSolutionNode = FALSE
	EndGlobalSection
	GlobalSection(ExtensibilityGlobals) = postSolution
		SolutionGuid = {E93FD9F8-A773-4966-81F1-2821BFEEBFB7}
	EndGlobalSection
EndGlobal
